
Microsoft Visual Studio Solution File, Format Version 12.00
# Visual Studio Version 16
VisualStudioVersion = 16.0.30204.135
MinimumVisualStudioVersion = 10.0.40219.1
Project("{FAE04EC0-301F-11D3-BF4B-00C04F79EFBC}") = "ChatProgram", "ChatProgram\ChatProgram.csproj", "{68969DFA-F699-42CE-945D-EA72CF7D7F47}"
EndProject
Global
	GlobalSection(SolutionConfigurationPlatforms) = preSolution
		Debug|Any CPU = Debug|Any CPU
		Release|Any CPU = Release|Any CPU
	EndGlobalSection
	GlobalSection(ProjectConfigurationPlatforms) = postSolution
		{68969DFA-F699-42CE-945D-EA72CF7D7F47}.Debug|Any CPU.ActiveCfg = Debug|Any CPU
		{68969DFA-F699-42CE-945D-EA72CF7D7F47}.Debug|Any CPU.Build.0 = Debug|Any CPU
		{68969DFA-F699-42CE-945D-EA72CF7D7F47}.Release|Any CPU.ActiveCfg = Release|Any CPU
		{68969DFA-F699-42CE-945D-EA72CF7D7F47}.Release|Any CPU.Build.0 = Release|Any CPU
	EndGlobalSection
	GlobalSection(SolutionProperties) = preSolution
		HideSolutionNode = FALSE
	EndGlobalSection
	GlobalSection(ExtensibilityGlobals) = postSolution
		SolutionGuid = {69CA87AC-A44E-4509-8C23-91D5E459F780}
	EndGlobalSection
EndGlobal
