
Microsoft Visual Studio Solution File, Format Version 12.00
# Visual Studio Version 16
VisualStudioVersion = 16.0.30204.135
MinimumVisualStudioVersion = 10.0.40219.1
Project("{FAE04EC0-301F-11D3-BF4B-00C04F79EFBC}") = "ScreenTransferProgram", "ScreenTransferProgram\ScreenTransferProgram.csproj", "{F04A9AA3-6E53-47F1-ACD8-D94AFF0D1659}"
EndProject
Global
	GlobalSection(SolutionConfigurationPlatforms) = preSolution
		Debug|Any CPU = Debug|Any CPU
		Release|Any CPU = Release|Any CPU
	EndGlobalSection
	GlobalSection(ProjectConfigurationPlatforms) = postSolution
		{F04A9AA3-6E53-47F1-ACD8-D94AFF0D1659}.Debug|Any CPU.ActiveCfg = Debug|Any CPU
		{F04A9AA3-6E53-47F1-ACD8-D94AFF0D1659}.Debug|Any CPU.Build.0 = Debug|Any CPU
		{F04A9AA3-6E53-47F1-ACD8-D94AFF0D1659}.Release|Any CPU.ActiveCfg = Release|Any CPU
		{F04A9AA3-6E53-47F1-ACD8-D94AFF0D1659}.Release|Any CPU.Build.0 = Release|Any CPU
	EndGlobalSection
	GlobalSection(SolutionProperties) = preSolution
		HideSolutionNode = FALSE
	EndGlobalSection
	GlobalSection(ExtensibilityGlobals) = postSolution
		SolutionGuid = {9C18FA8B-E9D5-4DB4-B8CD-201E4C00DE9A}
	EndGlobalSection
EndGlobal
